github.com/alrusov/bufpool v0.1.2 h1:+pyhEHHBRflJqOW1vS8hrVDGxR49bLCAunik37t0S04=
github.com/alrusov/bufpool v0.1.2/go.mod h1:WQGPTsMZFX0fE9s+PLloqXgXMjgg6WICjTvqp9aWpNU=
github.com/alrusov/misc v0.1.13 h1:uasP4ulM1v9/HRsq1W0aZtI0N80LL5HKSzIjwLyLhxE=
github.com/alrusov/misc v0.1.13/go.mod h1:F7PSy8shbhYX72CsRpUFBmVyc8Huj0SqGgGKKy+hFn4=
